
Microsoft Visual Studio Solution File, Format Version 12.00
# Visual Studio Version 16
VisualStudioVersion = 16.0.30128.36
MinimumVisualStudioVersion = 10.0.40219.1
Project("{FAE04EC0-301F-11D3-BF4B-00C04F79EFBC}") = "MyCustomProject.Common", "MyCustomProject.Common\MyCustomProject.Common.csproj", "{CB47C456-35BC-46BE-9364-A8EE1FB4D518}"
EndProject
Project("{FAE04EC0-301F-11D3-BF4B-00C04F79EFBC}") = "MyCustomProject.Entity", "MyCustomProject.Entity\MyCustomProject.Entity.csproj", "{0C9E4EEC-1EA8-4895-929A-C5FEFD27EF93}"
EndProject
Project("{FAE04EC0-301F-11D3-BF4B-00C04F79EFBC}") = "MyCustomProject.ORM", "MyCustomProject.ORM\MyCustomProject.ORM.csproj", "{E1009945-DF1B-4885-90CF-CDCDDA812958}"
EndProject
Global
	GlobalSection(SolutionConfigurationPlatforms) = preSolution
		Debug|Any CPU = Debug|Any CPU
		Release|Any CPU = Release|Any CPU
	EndGlobalSection
	GlobalSection(ProjectConfigurationPlatforms) = postSolution
		{CB47C456-35BC-46BE-9364-A8EE1FB4D518}.Debug|Any CPU.ActiveCfg = Debug|Any CPU
		{CB47C456-35BC-46BE-9364-A8EE1FB4D518}.Debug|Any CPU.Build.0 = Debug|Any CPU
		{CB47C456-35BC-46BE-9364-A8EE1FB4D518}.Release|Any CPU.ActiveCfg = Release|Any CPU
		{CB47C456-35BC-46BE-9364-A8EE1FB4D518}.Release|Any CPU.Build.0 = Release|Any CPU
		{0C9E4EEC-1EA8-4895-929A-C5FEFD27EF93}.Debug|Any CPU.ActiveCfg = Debug|Any CPU
		{0C9E4EEC-1EA8-4895-929A-C5FEFD27EF93}.Debug|Any CPU.Build.0 = Debug|Any CPU
		{0C9E4EEC-1EA8-4895-929A-C5FEFD27EF93}.Release|Any CPU.ActiveCfg = Release|Any CPU
		{0C9E4EEC-1EA8-4895-929A-C5FEFD27EF93}.Release|Any CPU.Build.0 = Release|Any CPU
		{E1009945-DF1B-4885-90CF-CDCDDA812958}.Debug|Any CPU.ActiveCfg = Debug|Any CPU
		{E1009945-DF1B-4885-90CF-CDCDDA812958}.Debug|Any CPU.Build.0 = Debug|Any CPU
		{E1009945-DF1B-4885-90CF-CDCDDA812958}.Release|Any CPU.ActiveCfg = Release|Any CPU
		{E1009945-DF1B-4885-90CF-CDCDDA812958}.Release|Any CPU.Build.0 = Release|Any CPU
	EndGlobalSection
	GlobalSection(SolutionProperties) = preSolution
		HideSolutionNode = FALSE
	EndGlobalSection
	GlobalSection(ExtensibilityGlobals) = postSolution
		SolutionGuid = {DA361219-C814-464F-AB67-FDC4F8815BC8}
	EndGlobalSection
EndGlobal
